
Microsoft Visual Studio Solution File, Format Version 12.00
# Visual Studio Version 17
VisualStudioVersion = 17.0.31903.59
MinimumVisualStudioVersion = 10.0.40219.1
Project("{2150E333-8FDC-42A3-9474-1A3956D46DE8}") = "src", "src", "{B2E9569A-6156-4718-8E13-2CA9513BA91C}"
EndProject
Project("{2150E333-8FDC-42A3-9474-1A3956D46DE8}") = "services", "services", "{9C4DCF7E-340D-447D-AED0-92F0066E3FF9}"
EndProject
Project("{2150E333-8FDC-42A3-9474-1A3956D46DE8}") = "shared", "shared", "{433A94D4-17FB-43C1-B837-797902F53523}"
EndProject
Project("{2150E333-8FDC-42A3-9474-1A3956D46DE8}") = "Core", "Core", "{A1B2C3D4-E5F6-4A7B-8C9D-0E1F2A3B4C5D}"
EndProject
Project("{2150E333-8FDC-42A3-9474-1A3956D46DE8}") = "Infrastructure", "Infrastructure", "{B2C3D4E5-F6A7-4B8C-9D0E-1F2A3B4C5D6E}"
EndProject
Project("{2150E333-8FDC-42A3-9474-1A3956D46DE8}") = "Contracts", "Contracts", "{C3D4E5F6-A7B8-4C9D-0E1F-2A3B4C5D6E7F}"
EndProject
Project("{FAE04EC0-301F-11D3-BF4B-00C04F79EFBC}") = "Gateway", "src\services\Gateway\Gateway.csproj", "{2FD24D3B-4465-4F20-98CE-757F620EA3EB}"
EndProject
Project("{FAE04EC0-301F-11D3-BF4B-00C04F79EFBC}") = "CQRS", "src\shared\Core\CQRS\CQRS.csproj", "{668F8CF4-0C4B-48F8-9E65-AB9623EE039C}"
EndProject
Project("{FAE04EC0-301F-11D3-BF4B-00C04F79EFBC}") = "Events", "src\shared\Core\Events\Events.csproj", "{D6A04990-0592-4E4A-8D07-F0CDAD95985D}"
EndProject
Project("{FAE04EC0-301F-11D3-BF4B-00C04F79EFBC}") = "EventSourcing", "src\shared\Core\EventSourcing\EventSourcing.csproj", "{9CA557C0-D2B1-4112-A614-3C2C996A60A8}"
EndProject
Project("{FAE04EC0-301F-11D3-BF4B-00C04F79EFBC}") = "Infrastructure", "src\shared\Infrastructure\Infrastructure.csproj", "{04A9F09A-F2AB-48D9-88EC-9BA7A72771E5}"
EndProject
Project("{FAE04EC0-301F-11D3-BF4B-00C04F79EFBC}") = "Contracts", "src\shared\Contracts\Contracts.csproj", "{99A02B13-9538-4736-ADC3-718CFA923B8B}"
EndProject
Project("{FAE04EC0-301F-11D3-BF4B-00C04F79EFBC}") = "Domain.Abstractions", "src\shared\Core\Domain.Absractions\Domain.Abstractions.csproj", "{173FD92A-236F-4319-802D-8F3378469975}"
EndProject
Project("{FAE04EC0-301F-11D3-BF4B-00C04F79EFBC}") = "Core.Common", "src\shared\Core\Core.Common\Core.Common.csproj", "{DE156EC9-7D61-4B76-8DE7-028A400164E7}"
EndProject
Project("{2150E333-8FDC-42A3-9474-1A3956D46DE8}") = "UserService", "UserService", "{39273D27-D2A9-AE80-07A1-43E7F809628F}"
EndProject
Project("{FAE04EC0-301F-11D3-BF4B-00C04F79EFBC}") = "UserService.Api", "src\services\UserService\UserService.Api\UserService.Api.csproj", "{D1611552-17BA-406D-B2E9-6D48EB65937C}"
EndProject
Project("{FAE04EC0-301F-11D3-BF4B-00C04F79EFBC}") = "UserService.Domain", "src\services\UserService\UserService.Domain\UserService.Domain.csproj", "{F5204F71-8278-4941-80F1-189726677448}"
EndProject
Project("{FAE04EC0-301F-11D3-BF4B-00C04F79EFBC}") = "UserService.Application", "src\services\UserService\UserService.Application\UserService.Application.csproj", "{EB09A0A9-A054-4B1A-9D58-7CBD0BB20A52}"
EndProject
Project("{FAE04EC0-301F-11D3-BF4B-00C04F79EFBC}") = "UserService.Infrastructure", "src\services\UserService\UserService.Infrastructure\UserService.Infrastructure.csproj", "{9FEE9B0C-E66E-4EDD-A7A1-363568A86666}"
EndProject
Project("{2150E333-8FDC-42A3-9474-1A3956D46DE8}") = "SkillService", "SkillService", "{D4E5F6A7-B8C9-4D0E-1F2A-3B4C5D6E7F8A}"
EndProject
Project("{FAE04EC0-301F-11D3-BF4B-00C04F79EFBC}") = "SkillService.Domain", "src\services\SkillService\SkillService.Domain\SkillService.Domain.csproj", "{4A8B7C3D-5E2F-4A1B-8C9D-1E2F3A4B5C6D}"
EndProject
Project("{FAE04EC0-301F-11D3-BF4B-00C04F79EFBC}") = "SkillService.Application", "src\services\SkillService\SkillService.Application\SkillService.Application.csproj", "{5B9C8D4E-6F3A-4B2C-9D0E-2F3A4B5C6D7E}"
EndProject
Project("{FAE04EC0-301F-11D3-BF4B-00C04F79EFBC}") = "SkillService.Infrastructure", "src\services\SkillService\SkillService.Infrastructure\SkillService.Infrastructure.csproj", "{6C0D9E5F-7A4B-4C3D-0E1F-3A4B5C6D7E8F}"
EndProject
Project("{FAE04EC0-301F-11D3-BF4B-00C04F79EFBC}") = "SkillService.Api", "src\services\SkillService\SkillService.Api\SkillService.Api.csproj", "{7D1E0F6A-8B5C-4D4E-1F2A-4B5C6D7E8F9A}"
EndProject
Project("{2150E333-8FDC-42A3-9474-1A3956D46DE8}") = "AppointmentService", "AppointmentService", "{E5F6A7B8-C9D0-4E1F-2A3B-4C5D6E7F8A9B}"
EndProject
Project("{FAE04EC0-301F-11D3-BF4B-00C04F79EFBC}") = "AppointmentService.Domain", "src\services\AppointmentService\AppointmentService.Domain\AppointmentService.Domain.csproj", "{8E2F1A7B-9C6D-4E5F-2A3B-5C6D7E8F9A0B}"
EndProject
Project("{FAE04EC0-301F-11D3-BF4B-00C04F79EFBC}") = "AppointmentService.Application", "src\services\AppointmentService\AppointmentService.Application\AppointmentService.Application.csproj", "{9F3A2B8C-0D7E-4F6A-3B4C-6D7E8F9A0B1C}"
EndProject
Project("{FAE04EC0-301F-11D3-BF4B-00C04F79EFBC}") = "AppointmentService.Infrastructure", "src\services\AppointmentService\AppointmentService.Infrastructure\AppointmentService.Infrastructure.csproj", "{0A4B3C9D-1E8F-4A7B-4C5D-7E8F9A0B1C2D}"
EndProject
Project("{FAE04EC0-301F-11D3-BF4B-00C04F79EFBC}") = "AppointmentService.Api", "src\services\AppointmentService\AppointmentService.Api\AppointmentService.Api.csproj", "{1B5C4D0E-2F9A-4B8C-5D6E-8F9A0B1C2D3E}"
EndProject
Project("{2150E333-8FDC-42A3-9474-1A3956D46DE8}") = "MatchmakingService", "MatchmakingService", "{F6A7B8C9-D0E1-4F2A-3B4C-5D6E7F8A9B0C}"
EndProject
Project("{FAE04EC0-301F-11D3-BF4B-00C04F79EFBC}") = "MatchmakingService.Domain", "src\services\MatchmakingService\MatchmakingService.Domain\MatchmakingService.Domain.csproj", "{2C6D5E1F-3A0B-4C9D-6E7F-9A0B1C2D3E4F}"
EndProject
Project("{FAE04EC0-301F-11D3-BF4B-00C04F79EFBC}") = "MatchmakingService.Application", "src\services\MatchmakingService\MatchmakingService.Application\MatchmakingService.Application.csproj", "{3D7E6F2A-4B1C-4D0E-7F8A-0B1C2D3E4F5A}"
EndProject
Project("{FAE04EC0-301F-11D3-BF4B-00C04F79EFBC}") = "MatchmakingService.Infrastructure", "src\services\MatchmakingService\MatchmakingService.Infrastructure\MatchmakingService.Infrastructure.csproj", "{4E8F7A3B-5C2D-4E1F-8A9B-1C2D3E4F5A6B}"
EndProject
Project("{FAE04EC0-301F-11D3-BF4B-00C04F79EFBC}") = "MatchmakingService.Api", "src\services\MatchmakingService\MatchmakingService.Api\MatchmakingService.Api.csproj", "{5F9A8B4C-6D3E-4F2A-9B0C-2D3E4F5A6B7C}"
EndProject
Project("{2150E333-8FDC-42A3-9474-1A3956D46DE8}") = "VideocallService", "VideocallService", "{A7B8C9D0-E1F2-4A3B-4C5D-6E7F8A9B0C1D}"
EndProject
Project("{FAE04EC0-301F-11D3-BF4B-00C04F79EFBC}") = "VideocallService.Domain", "src\services\VideocallService\VideocallService.Domain\VideocallService.Domain.csproj", "{6A0B9C5D-7E4F-4A3B-0C1D-3E4F5A6B7C8D}"
EndProject
Project("{FAE04EC0-301F-11D3-BF4B-00C04F79EFBC}") = "VideocallService.Application", "src\services\VideocallService\VideocallService.Application\VideocallService.Application.csproj", "{7B1C0D6E-8F5A-4B4C-1D2E-4F5A6B7C8D9E}"
EndProject
Project("{FAE04EC0-301F-11D3-BF4B-00C04F79EFBC}") = "VideocallService.Infrastructure", "src\services\VideocallService\VideocallService.Infrastructure\VideocallService.Infrastructure.csproj", "{8C2D1E7F-9A6B-4C5D-2E3F-5A6B7C8D9E0F}"
EndProject
Project("{FAE04EC0-301F-11D3-BF4B-00C04F79EFBC}") = "VideocallService.Api", "src\services\VideocallService\VideocallService.Api\VideocallService.Api.csproj", "{9D3E2F8A-0B7C-4D6E-3F4A-6B7C8D9E0F1A}"
EndProject
Project("{2150E333-8FDC-42A3-9474-1A3956D46DE8}") = "NotificationService", "NotificationService", "{B8C9D0E1-F2A3-4B4C-5D6E-7F8A9B0C1D2E}"
EndProject
Project("{FAE04EC0-301F-11D3-BF4B-00C04F79EFBC}") = "NotificationService.Domain", "src\services\NotificationService\NotificationService.Domain\NotificationService.Domain.csproj", "{0E4F3A9B-1C8D-4E7F-4A5B-7C8D9E0F1A2B}"
EndProject
Project("{FAE04EC0-301F-11D3-BF4B-00C04F79EFBC}") = "NotificationService.Application", "src\services\NotificationService\NotificationService.Application\NotificationService.Application.csproj", "{1F5A4B0C-2D9E-4F8A-5B6C-8D9E0F1A2B3C}"
EndProject
Project("{FAE04EC0-301F-11D3-BF4B-00C04F79EFBC}") = "NotificationService.Infrastructure", "src\services\NotificationService\NotificationService.Infrastructure\NotificationService.Infrastructure.csproj", "{2A6B5C1D-3E0F-4A9B-6C7D-9E0F1A2B3C4D}"
EndProject
Project("{FAE04EC0-301F-11D3-BF4B-00C04F79EFBC}") = "NotificationService.Api", "src\services\NotificationService\NotificationService.Api\NotificationService.Api.csproj", "{3B7C6D2E-4F1A-4B0C-7D8E-0F1A2B3C4D5E}"
EndProject
Project("{2150E333-8FDC-42A3-9474-1A3956D46DE8}") = "PaymentService", "PaymentService", "{C9D0E1F2-A3B4-4C5D-6E7F-8A9B0C1D2E3F}"
EndProject
Project("{FAE04EC0-301F-11D3-BF4B-00C04F79EFBC}") = "PaymentService.Domain", "src\services\PaymentService\PaymentService.Domain\PaymentService.Domain.csproj", "{4C8D7E3F-5A9B-4D0E-8F1A-2B3C4D5E6F7A}"
EndProject
Project("{FAE04EC0-301F-11D3-BF4B-00C04F79EFBC}") = "PaymentService.Application", "src\services\PaymentService\PaymentService.Application\PaymentService.Application.csproj", "{5D9E8F4A-6B0C-4E1F-9A2B-3C4D5E6F7A8B}"
EndProject
Project("{FAE04EC0-301F-11D3-BF4B-00C04F79EFBC}") = "PaymentService.Infrastructure", "src\services\PaymentService\PaymentService.Infrastructure\PaymentService.Infrastructure.csproj", "{6E0F9A5B-7C1D-4F2A-0B3C-4D5E6F7A8B9C}"
EndProject
Project("{FAE04EC0-301F-11D3-BF4B-00C04F79EFBC}") = "PaymentService.Api", "src\services\PaymentService\PaymentService.Api\PaymentService.Api.csproj", "{7F1A0B6C-8D2E-4A3B-1C4D-5E6F7A8B9C0D}"
EndProject
Global
	GlobalSection(SolutionConfigurationPlatforms) = preSolution
		Debug|Any CPU = Debug|Any CPU
		Debug|x64 = Debug|x64
		Debug|x86 = Debug|x86
		Release|Any CPU = Release|Any CPU
		Release|x64 = Release|x64
		Release|x86 = Release|x86
	EndGlobalSection
	GlobalSection(ProjectConfigurationPlatforms) = postSolution
		{2FD24D3B-4465-4F20-98CE-757F620EA3EB}.Debug|Any CPU.ActiveCfg = Debug|Any CPU
		{2FD24D3B-4465-4F20-98CE-757F620EA3EB}.Debug|Any CPU.Build.0 = Debug|Any CPU
		{2FD24D3B-4465-4F20-98CE-757F620EA3EB}.Debug|x64.ActiveCfg = Debug|Any CPU
		{2FD24D3B-4465-4F20-98CE-757F620EA3EB}.Debug|x64.Build.0 = Debug|Any CPU
		{2FD24D3B-4465-4F20-98CE-757F620EA3EB}.Debug|x86.ActiveCfg = Debug|Any CPU
		{2FD24D3B-4465-4F20-98CE-757F620EA3EB}.Debug|x86.Build.0 = Debug|Any CPU
		{2FD24D3B-4465-4F20-98CE-757F620EA3EB}.Release|Any CPU.ActiveCfg = Release|Any CPU
		{2FD24D3B-4465-4F20-98CE-757F620EA3EB}.Release|Any CPU.Build.0 = Release|Any CPU
		{2FD24D3B-4465-4F20-98CE-757F620EA3EB}.Release|x64.ActiveCfg = Release|Any CPU
		{2FD24D3B-4465-4F20-98CE-757F620EA3EB}.Release|x64.Build.0 = Release|Any CPU
		{2FD24D3B-4465-4F20-98CE-757F620EA3EB}.Release|x86.ActiveCfg = Release|Any CPU
		{2FD24D3B-4465-4F20-98CE-757F620EA3EB}.Release|x86.Build.0 = Release|Any CPU
		{D1611552-17BA-406D-B2E9-6D48EB65937C}.Debug|Any CPU.ActiveCfg = Debug|Any CPU
		{D1611552-17BA-406D-B2E9-6D48EB65937C}.Debug|Any CPU.Build.0 = Debug|Any CPU
		{D1611552-17BA-406D-B2E9-6D48EB65937C}.Debug|x64.ActiveCfg = Debug|Any CPU
		{D1611552-17BA-406D-B2E9-6D48EB65937C}.Debug|x64.Build.0 = Debug|Any CPU
		{D1611552-17BA-406D-B2E9-6D48EB65937C}.Debug|x86.ActiveCfg = Debug|Any CPU
		{D1611552-17BA-406D-B2E9-6D48EB65937C}.Debug|x86.Build.0 = Debug|Any CPU
		{D1611552-17BA-406D-B2E9-6D48EB65937C}.Release|Any CPU.ActiveCfg = Release|Any CPU
		{D1611552-17BA-406D-B2E9-6D48EB65937C}.Release|Any CPU.Build.0 = Release|Any CPU
		{D1611552-17BA-406D-B2E9-6D48EB65937C}.Release|x64.ActiveCfg = Release|Any CPU
		{D1611552-17BA-406D-B2E9-6D48EB65937C}.Release|x64.Build.0 = Release|Any CPU
		{D1611552-17BA-406D-B2E9-6D48EB65937C}.Release|x86.ActiveCfg = Release|Any CPU
		{D1611552-17BA-406D-B2E9-6D48EB65937C}.Release|x86.Build.0 = Release|Any CPU
		{668F8CF4-0C4B-48F8-9E65-AB9623EE039C}.Debug|Any CPU.ActiveCfg = Debug|Any CPU
		{668F8CF4-0C4B-48F8-9E65-AB9623EE039C}.Debug|Any CPU.Build.0 = Debug|Any CPU
		{668F8CF4-0C4B-48F8-9E65-AB9623EE039C}.Debug|x64.ActiveCfg = Debug|Any CPU
		{668F8CF4-0C4B-48F8-9E65-AB9623EE039C}.Debug|x64.Build.0 = Debug|Any CPU
		{668F8CF4-0C4B-48F8-9E65-AB9623EE039C}.Debug|x86.ActiveCfg = Debug|Any CPU
		{668F8CF4-0C4B-48F8-9E65-AB9623EE039C}.Debug|x86.Build.0 = Debug|Any CPU
		{668F8CF4-0C4B-48F8-9E65-AB9623EE039C}.Release|Any CPU.ActiveCfg = Release|Any CPU
		{668F8CF4-0C4B-48F8-9E65-AB9623EE039C}.Release|Any CPU.Build.0 = Release|Any CPU
		{668F8CF4-0C4B-48F8-9E65-AB9623EE039C}.Release|x64.ActiveCfg = Release|Any CPU
		{668F8CF4-0C4B-48F8-9E65-AB9623EE039C}.Release|x64.Build.0 = Release|Any CPU
		{668F8CF4-0C4B-48F8-9E65-AB9623EE039C}.Release|x86.ActiveCfg = Release|Any CPU
		{668F8CF4-0C4B-48F8-9E65-AB9623EE039C}.Release|x86.Build.0 = Release|Any CPU
		{D6A04990-0592-4E4A-8D07-F0CDAD95985D}.Debug|Any CPU.ActiveCfg = Debug|Any CPU
		{D6A04990-0592-4E4A-8D07-F0CDAD95985D}.Debug|Any CPU.Build.0 = Debug|Any CPU
		{D6A04990-0592-4E4A-8D07-F0CDAD95985D}.Debug|x64.ActiveCfg = Debug|Any CPU
		{D6A04990-0592-4E4A-8D07-F0CDAD95985D}.Debug|x64.Build.0 = Debug|Any CPU
		{D6A04990-0592-4E4A-8D07-F0CDAD95985D}.Debug|x86.ActiveCfg = Debug|Any CPU
		{D6A04990-0592-4E4A-8D07-F0CDAD95985D}.Debug|x86.Build.0 = Debug|Any CPU
		{D6A04990-0592-4E4A-8D07-F0CDAD95985D}.Release|Any CPU.ActiveCfg = Release|Any CPU
		{D6A04990-0592-4E4A-8D07-F0CDAD95985D}.Release|Any CPU.Build.0 = Release|Any CPU
		{D6A04990-0592-4E4A-8D07-F0CDAD95985D}.Release|x64.ActiveCfg = Release|Any CPU
		{D6A04990-0592-4E4A-8D07-F0CDAD95985D}.Release|x64.Build.0 = Release|Any CPU
		{D6A04990-0592-4E4A-8D07-F0CDAD95985D}.Release|x86.ActiveCfg = Release|Any CPU
		{D6A04990-0592-4E4A-8D07-F0CDAD95985D}.Release|x86.Build.0 = Release|Any CPU
		{9CA557C0-D2B1-4112-A614-3C2C996A60A8}.Debug|Any CPU.ActiveCfg = Debug|Any CPU
		{9CA557C0-D2B1-4112-A614-3C2C996A60A8}.Debug|Any CPU.Build.0 = Debug|Any CPU
		{9CA557C0-D2B1-4112-A614-3C2C996A60A8}.Debug|x64.ActiveCfg = Debug|Any CPU
		{9CA557C0-D2B1-4112-A614-3C2C996A60A8}.Debug|x64.Build.0 = Debug|Any CPU
		{9CA557C0-D2B1-4112-A614-3C2C996A60A8}.Debug|x86.ActiveCfg = Debug|Any CPU
		{9CA557C0-D2B1-4112-A614-3C2C996A60A8}.Debug|x86.Build.0 = Debug|Any CPU
		{9CA557C0-D2B1-4112-A614-3C2C996A60A8}.Release|Any CPU.ActiveCfg = Release|Any CPU
		{9CA557C0-D2B1-4112-A614-3C2C996A60A8}.Release|Any CPU.Build.0 = Release|Any CPU
		{9CA557C0-D2B1-4112-A614-3C2C996A60A8}.Release|x64.ActiveCfg = Release|Any CPU
		{9CA557C0-D2B1-4112-A614-3C2C996A60A8}.Release|x64.Build.0 = Release|Any CPU
		{9CA557C0-D2B1-4112-A614-3C2C996A60A8}.Release|x86.ActiveCfg = Release|Any CPU
		{9CA557C0-D2B1-4112-A614-3C2C996A60A8}.Release|x86.Build.0 = Release|Any CPU
		{04A9F09A-F2AB-48D9-88EC-9BA7A72771E5}.Debug|Any CPU.ActiveCfg = Debug|Any CPU
		{04A9F09A-F2AB-48D9-88EC-9BA7A72771E5}.Debug|Any CPU.Build.0 = Debug|Any CPU
		{04A9F09A-F2AB-48D9-88EC-9BA7A72771E5}.Debug|x64.ActiveCfg = Debug|Any CPU
		{04A9F09A-F2AB-48D9-88EC-9BA7A72771E5}.Debug|x64.Build.0 = Debug|Any CPU
		{04A9F09A-F2AB-48D9-88EC-9BA7A72771E5}.Debug|x86.ActiveCfg = Debug|Any CPU
		{04A9F09A-F2AB-48D9-88EC-9BA7A72771E5}.Debug|x86.Build.0 = Debug|Any CPU
		{04A9F09A-F2AB-48D9-88EC-9BA7A72771E5}.Release|Any CPU.ActiveCfg = Release|Any CPU
		{04A9F09A-F2AB-48D9-88EC-9BA7A72771E5}.Release|Any CPU.Build.0 = Release|Any CPU
		{04A9F09A-F2AB-48D9-88EC-9BA7A72771E5}.Release|x64.ActiveCfg = Release|Any CPU
		{04A9F09A-F2AB-48D9-88EC-9BA7A72771E5}.Release|x64.Build.0 = Release|Any CPU
		{04A9F09A-F2AB-48D9-88EC-9BA7A72771E5}.Release|x86.ActiveCfg = Release|Any CPU
		{04A9F09A-F2AB-48D9-88EC-9BA7A72771E5}.Release|x86.Build.0 = Release|Any CPU
		{99A02B13-9538-4736-ADC3-718CFA923B8B}.Debug|Any CPU.ActiveCfg = Debug|Any CPU
		{99A02B13-9538-4736-ADC3-718CFA923B8B}.Debug|Any CPU.Build.0 = Debug|Any CPU
		{99A02B13-9538-4736-ADC3-718CFA923B8B}.Debug|x64.ActiveCfg = Debug|Any CPU
		{99A02B13-9538-4736-ADC3-718CFA923B8B}.Debug|x64.Build.0 = Debug|Any CPU
		{99A02B13-9538-4736-ADC3-718CFA923B8B}.Debug|x86.ActiveCfg = Debug|Any CPU
		{99A02B13-9538-4736-ADC3-718CFA923B8B}.Debug|x86.Build.0 = Debug|Any CPU
		{99A02B13-9538-4736-ADC3-718CFA923B8B}.Release|Any CPU.ActiveCfg = Release|Any CPU
		{99A02B13-9538-4736-ADC3-718CFA923B8B}.Release|Any CPU.Build.0 = Release|Any CPU
		{99A02B13-9538-4736-ADC3-718CFA923B8B}.Release|x64.ActiveCfg = Release|Any CPU
		{99A02B13-9538-4736-ADC3-718CFA923B8B}.Release|x64.Build.0 = Release|Any CPU
		{99A02B13-9538-4736-ADC3-718CFA923B8B}.Release|x86.ActiveCfg = Release|Any CPU
		{99A02B13-9538-4736-ADC3-718CFA923B8B}.Release|x86.Build.0 = Release|Any CPU
		{F5204F71-8278-4941-80F1-189726677448}.Debug|Any CPU.ActiveCfg = Debug|Any CPU
		{F5204F71-8278-4941-80F1-189726677448}.Debug|Any CPU.Build.0 = Debug|Any CPU
		{F5204F71-8278-4941-80F1-189726677448}.Debug|x64.ActiveCfg = Debug|Any CPU
		{F5204F71-8278-4941-80F1-189726677448}.Debug|x64.Build.0 = Debug|Any CPU
		{F5204F71-8278-4941-80F1-189726677448}.Debug|x86.ActiveCfg = Debug|Any CPU
		{F5204F71-8278-4941-80F1-189726677448}.Debug|x86.Build.0 = Debug|Any CPU
		{F5204F71-8278-4941-80F1-189726677448}.Release|Any CPU.ActiveCfg = Release|Any CPU
		{F5204F71-8278-4941-80F1-189726677448}.Release|Any CPU.Build.0 = Release|Any CPU
		{F5204F71-8278-4941-80F1-189726677448}.Release|x64.ActiveCfg = Release|Any CPU
		{F5204F71-8278-4941-80F1-189726677448}.Release|x64.Build.0 = Release|Any CPU
		{F5204F71-8278-4941-80F1-189726677448}.Release|x86.ActiveCfg = Release|Any CPU
		{F5204F71-8278-4941-80F1-189726677448}.Release|x86.Build.0 = Release|Any CPU
		{173FD92A-236F-4319-802D-8F3378469975}.Debug|Any CPU.ActiveCfg = Debug|Any CPU
		{173FD92A-236F-4319-802D-8F3378469975}.Debug|Any CPU.Build.0 = Debug|Any CPU
		{173FD92A-236F-4319-802D-8F3378469975}.Debug|x64.ActiveCfg = Debug|Any CPU
		{173FD92A-236F-4319-802D-8F3378469975}.Debug|x64.Build.0 = Debug|Any CPU
		{173FD92A-236F-4319-802D-8F3378469975}.Debug|x86.ActiveCfg = Debug|Any CPU
		{173FD92A-236F-4319-802D-8F3378469975}.Debug|x86.Build.0 = Debug|Any CPU
		{173FD92A-236F-4319-802D-8F3378469975}.Release|Any CPU.ActiveCfg = Release|Any CPU
		{173FD92A-236F-4319-802D-8F3378469975}.Release|Any CPU.Build.0 = Release|Any CPU
		{173FD92A-236F-4319-802D-8F3378469975}.Release|x64.ActiveCfg = Release|Any CPU
		{173FD92A-236F-4319-802D-8F3378469975}.Release|x64.Build.0 = Release|Any CPU
		{173FD92A-236F-4319-802D-8F3378469975}.Release|x86.ActiveCfg = Release|Any CPU
		{173FD92A-236F-4319-802D-8F3378469975}.Release|x86.Build.0 = Release|Any CPU
		{EB09A0A9-A054-4B1A-9D58-7CBD0BB20A52}.Debug|Any CPU.ActiveCfg = Debug|Any CPU
		{EB09A0A9-A054-4B1A-9D58-7CBD0BB20A52}.Debug|Any CPU.Build.0 = Debug|Any CPU
		{EB09A0A9-A054-4B1A-9D58-7CBD0BB20A52}.Debug|x64.ActiveCfg = Debug|Any CPU
		{EB09A0A9-A054-4B1A-9D58-7CBD0BB20A52}.Debug|x64.Build.0 = Debug|Any CPU
		{EB09A0A9-A054-4B1A-9D58-7CBD0BB20A52}.Debug|x86.ActiveCfg = Debug|Any CPU
		{EB09A0A9-A054-4B1A-9D58-7CBD0BB20A52}.Debug|x86.Build.0 = Debug|Any CPU
		{EB09A0A9-A054-4B1A-9D58-7CBD0BB20A52}.Release|Any CPU.ActiveCfg = Release|Any CPU
		{EB09A0A9-A054-4B1A-9D58-7CBD0BB20A52}.Release|Any CPU.Build.0 = Release|Any CPU
		{EB09A0A9-A054-4B1A-9D58-7CBD0BB20A52}.Release|x64.ActiveCfg = Release|Any CPU
		{EB09A0A9-A054-4B1A-9D58-7CBD0BB20A52}.Release|x64.Build.0 = Release|Any CPU
		{EB09A0A9-A054-4B1A-9D58-7CBD0BB20A52}.Release|x86.ActiveCfg = Release|Any CPU
		{EB09A0A9-A054-4B1A-9D58-7CBD0BB20A52}.Release|x86.Build.0 = Release|Any CPU
		{9FEE9B0C-E66E-4EDD-A7A1-363568A86666}.Debug|Any CPU.ActiveCfg = Debug|Any CPU
		{9FEE9B0C-E66E-4EDD-A7A1-363568A86666}.Debug|Any CPU.Build.0 = Debug|Any CPU
		{9FEE9B0C-E66E-4EDD-A7A1-363568A86666}.Debug|x64.ActiveCfg = Debug|Any CPU
		{9FEE9B0C-E66E-4EDD-A7A1-363568A86666}.Debug|x64.Build.0 = Debug|Any CPU
		{9FEE9B0C-E66E-4EDD-A7A1-363568A86666}.Debug|x86.ActiveCfg = Debug|Any CPU
		{9FEE9B0C-E66E-4EDD-A7A1-363568A86666}.Debug|x86.Build.0 = Debug|Any CPU
		{9FEE9B0C-E66E-4EDD-A7A1-363568A86666}.Release|Any CPU.ActiveCfg = Release|Any CPU
		{9FEE9B0C-E66E-4EDD-A7A1-363568A86666}.Release|Any CPU.Build.0 = Release|Any CPU
		{9FEE9B0C-E66E-4EDD-A7A1-363568A86666}.Release|x64.ActiveCfg = Release|Any CPU
		{9FEE9B0C-E66E-4EDD-A7A1-363568A86666}.Release|x64.Build.0 = Release|Any CPU
		{9FEE9B0C-E66E-4EDD-A7A1-363568A86666}.Release|x86.ActiveCfg = Release|Any CPU
		{9FEE9B0C-E66E-4EDD-A7A1-363568A86666}.Release|x86.Build.0 = Release|Any CPU
		{DE156EC9-7D61-4B76-8DE7-028A400164E7}.Debug|Any CPU.ActiveCfg = Debug|Any CPU
		{DE156EC9-7D61-4B76-8DE7-028A400164E7}.Debug|Any CPU.Build.0 = Debug|Any CPU
		{DE156EC9-7D61-4B76-8DE7-028A400164E7}.Debug|x64.ActiveCfg = Debug|Any CPU
		{DE156EC9-7D61-4B76-8DE7-028A400164E7}.Debug|x64.Build.0 = Debug|Any CPU
		{DE156EC9-7D61-4B76-8DE7-028A400164E7}.Debug|x86.ActiveCfg = Debug|Any CPU
		{DE156EC9-7D61-4B76-8DE7-028A400164E7}.Debug|x86.Build.0 = Debug|Any CPU
		{DE156EC9-7D61-4B76-8DE7-028A400164E7}.Release|Any CPU.ActiveCfg = Release|Any CPU
		{DE156EC9-7D61-4B76-8DE7-028A400164E7}.Release|Any CPU.Build.0 = Release|Any CPU
		{DE156EC9-7D61-4B76-8DE7-028A400164E7}.Release|x64.ActiveCfg = Release|Any CPU
		{DE156EC9-7D61-4B76-8DE7-028A400164E7}.Release|x64.Build.0 = Release|Any CPU
		{DE156EC9-7D61-4B76-8DE7-028A400164E7}.Release|x86.ActiveCfg = Release|Any CPU
		{DE156EC9-7D61-4B76-8DE7-028A400164E7}.Release|x86.Build.0 = Release|Any CPU
		{4A8B7C3D-5E2F-4A1B-8C9D-1E2F3A4B5C6D}.Debug|Any CPU.ActiveCfg = Debug|Any CPU
		{4A8B7C3D-5E2F-4A1B-8C9D-1E2F3A4B5C6D}.Debug|Any CPU.Build.0 = Debug|Any CPU
		{4A8B7C3D-5E2F-4A1B-8C9D-1E2F3A4B5C6D}.Debug|x64.ActiveCfg = Debug|Any CPU
		{4A8B7C3D-5E2F-4A1B-8C9D-1E2F3A4B5C6D}.Debug|x64.Build.0 = Debug|Any CPU
		{4A8B7C3D-5E2F-4A1B-8C9D-1E2F3A4B5C6D}.Debug|x86.ActiveCfg = Debug|Any CPU
		{4A8B7C3D-5E2F-4A1B-8C9D-1E2F3A4B5C6D}.Debug|x86.Build.0 = Debug|Any CPU
		{4A8B7C3D-5E2F-4A1B-8C9D-1E2F3A4B5C6D}.Release|Any CPU.ActiveCfg = Release|Any CPU
		{4A8B7C3D-5E2F-4A1B-8C9D-1E2F3A4B5C6D}.Release|Any CPU.Build.0 = Release|Any CPU
		{4A8B7C3D-5E2F-4A1B-8C9D-1E2F3A4B5C6D}.Release|x64.ActiveCfg = Release|Any CPU
		{4A8B7C3D-5E2F-4A1B-8C9D-1E2F3A4B5C6D}.Release|x64.Build.0 = Release|Any CPU
		{4A8B7C3D-5E2F-4A1B-8C9D-1E2F3A4B5C6D}.Release|x86.ActiveCfg = Release|Any CPU
		{4A8B7C3D-5E2F-4A1B-8C9D-1E2F3A4B5C6D}.Release|x86.Build.0 = Release|Any CPU
		{5B9C8D4E-6F3A-4B2C-9D0E-2F3A4B5C6D7E}.Debug|Any CPU.ActiveCfg = Debug|Any CPU
		{5B9C8D4E-6F3A-4B2C-9D0E-2F3A4B5C6D7E}.Debug|Any CPU.Build.0 = Debug|Any CPU
		{5B9C8D4E-6F3A-4B2C-9D0E-2F3A4B5C6D7E}.Debug|x64.ActiveCfg = Debug|Any CPU
		{5B9C8D4E-6F3A-4B2C-9D0E-2F3A4B5C6D7E}.Debug|x64.Build.0 = Debug|Any CPU
		{5B9C8D4E-6F3A-4B2C-9D0E-2F3A4B5C6D7E}.Debug|x86.ActiveCfg = Debug|Any CPU
		{5B9C8D4E-6F3A-4B2C-9D0E-2F3A4B5C6D7E}.Debug|x86.Build.0 = Debug|Any CPU
		{5B9C8D4E-6F3A-4B2C-9D0E-2F3A4B5C6D7E}.Release|Any CPU.ActiveCfg = Release|Any CPU
		{5B9C8D4E-6F3A-4B2C-9D0E-2F3A4B5C6D7E}.Release|Any CPU.Build.0 = Release|Any CPU
		{5B9C8D4E-6F3A-4B2C-9D0E-2F3A4B5C6D7E}.Release|x64.ActiveCfg = Release|Any CPU
		{5B9C8D4E-6F3A-4B2C-9D0E-2F3A4B5C6D7E}.Release|x64.Build.0 = Release|Any CPU
		{5B9C8D4E-6F3A-4B2C-9D0E-2F3A4B5C6D7E}.Release|x86.ActiveCfg = Release|Any CPU
		{5B9C8D4E-6F3A-4B2C-9D0E-2F3A4B5C6D7E}.Release|x86.Build.0 = Release|Any CPU
		{6C0D9E5F-7A4B-4C3D-0E1F-3A4B5C6D7E8F}.Debug|Any CPU.ActiveCfg = Debug|Any CPU
		{6C0D9E5F-7A4B-4C3D-0E1F-3A4B5C6D7E8F}.Debug|Any CPU.Build.0 = Debug|Any CPU
		{6C0D9E5F-7A4B-4C3D-0E1F-3A4B5C6D7E8F}.Debug|x64.ActiveCfg = Debug|Any CPU
		{6C0D9E5F-7A4B-4C3D-0E1F-3A4B5C6D7E8F}.Debug|x64.Build.0 = Debug|Any CPU
		{6C0D9E5F-7A4B-4C3D-0E1F-3A4B5C6D7E8F}.Debug|x86.ActiveCfg = Debug|Any CPU
		{6C0D9E5F-7A4B-4C3D-0E1F-3A4B5C6D7E8F}.Debug|x86.Build.0 = Debug|Any CPU
		{6C0D9E5F-7A4B-4C3D-0E1F-3A4B5C6D7E8F}.Release|Any CPU.ActiveCfg = Release|Any CPU
		{6C0D9E5F-7A4B-4C3D-0E1F-3A4B5C6D7E8F}.Release|Any CPU.Build.0 = Release|Any CPU
		{6C0D9E5F-7A4B-4C3D-0E1F-3A4B5C6D7E8F}.Release|x64.ActiveCfg = Release|Any CPU
		{6C0D9E5F-7A4B-4C3D-0E1F-3A4B5C6D7E8F}.Release|x64.Build.0 = Release|Any CPU
		{6C0D9E5F-7A4B-4C3D-0E1F-3A4B5C6D7E8F}.Release|x86.ActiveCfg = Release|Any CPU
		{6C0D9E5F-7A4B-4C3D-0E1F-3A4B5C6D7E8F}.Release|x86.Build.0 = Release|Any CPU
		{7D1E0F6A-8B5C-4D4E-1F2A-4B5C6D7E8F9A}.Debug|Any CPU.ActiveCfg = Debug|Any CPU
		{7D1E0F6A-8B5C-4D4E-1F2A-4B5C6D7E8F9A}.Debug|Any CPU.Build.0 = Debug|Any CPU
		{7D1E0F6A-8B5C-4D4E-1F2A-4B5C6D7E8F9A}.Debug|x64.ActiveCfg = Debug|Any CPU
		{7D1E0F6A-8B5C-4D4E-1F2A-4B5C6D7E8F9A}.Debug|x64.Build.0 = Debug|Any CPU
		{7D1E0F6A-8B5C-4D4E-1F2A-4B5C6D7E8F9A}.Debug|x86.ActiveCfg = Debug|Any CPU
		{7D1E0F6A-8B5C-4D4E-1F2A-4B5C6D7E8F9A}.Debug|x86.Build.0 = Debug|Any CPU
		{7D1E0F6A-8B5C-4D4E-1F2A-4B5C6D7E8F9A}.Release|Any CPU.ActiveCfg = Release|Any CPU
		{7D1E0F6A-8B5C-4D4E-1F2A-4B5C6D7E8F9A}.Release|Any CPU.Build.0 = Release|Any CPU
		{7D1E0F6A-8B5C-4D4E-1F2A-4B5C6D7E8F9A}.Release|x64.ActiveCfg = Release|Any CPU
		{7D1E0F6A-8B5C-4D4E-1F2A-4B5C6D7E8F9A}.Release|x64.Build.0 = Release|Any CPU
		{7D1E0F6A-8B5C-4D4E-1F2A-4B5C6D7E8F9A}.Release|x86.ActiveCfg = Release|Any CPU
		{7D1E0F6A-8B5C-4D4E-1F2A-4B5C6D7E8F9A}.Release|x86.Build.0 = Release|Any CPU
		{8E2F1A7B-9C6D-4E5F-2A3B-5C6D7E8F9A0B}.Debug|Any CPU.ActiveCfg = Debug|Any CPU
		{8E2F1A7B-9C6D-4E5F-2A3B-5C6D7E8F9A0B}.Debug|Any CPU.Build.0 = Debug|Any CPU
		{8E2F1A7B-9C6D-4E5F-2A3B-5C6D7E8F9A0B}.Debug|x64.ActiveCfg = Debug|Any CPU
		{8E2F1A7B-9C6D-4E5F-2A3B-5C6D7E8F9A0B}.Debug|x64.Build.0 = Debug|Any CPU
		{8E2F1A7B-9C6D-4E5F-2A3B-5C6D7E8F9A0B}.Debug|x86.ActiveCfg = Debug|Any CPU
		{8E2F1A7B-9C6D-4E5F-2A3B-5C6D7E8F9A0B}.Debug|x86.Build.0 = Debug|Any CPU
		{8E2F1A7B-9C6D-4E5F-2A3B-5C6D7E8F9A0B}.Release|Any CPU.ActiveCfg = Release|Any CPU
		{8E2F1A7B-9C6D-4E5F-2A3B-5C6D7E8F9A0B}.Release|Any CPU.Build.0 = Release|Any CPU
		{8E2F1A7B-9C6D-4E5F-2A3B-5C6D7E8F9A0B}.Release|x64.ActiveCfg = Release|Any CPU
		{8E2F1A7B-9C6D-4E5F-2A3B-5C6D7E8F9A0B}.Release|x64.Build.0 = Release|Any CPU
		{8E2F1A7B-9C6D-4E5F-2A3B-5C6D7E8F9A0B}.Release|x86.ActiveCfg = Release|Any CPU
		{8E2F1A7B-9C6D-4E5F-2A3B-5C6D7E8F9A0B}.Release|x86.Build.0 = Release|Any CPU
		{9F3A2B8C-0D7E-4F6A-3B4C-6D7E8F9A0B1C}.Debug|Any CPU.ActiveCfg = Debug|Any CPU
		{9F3A2B8C-0D7E-4F6A-3B4C-6D7E8F9A0B1C}.Debug|Any CPU.Build.0 = Debug|Any CPU
		{9F3A2B8C-0D7E-4F6A-3B4C-6D7E8F9A0B1C}.Debug|x64.ActiveCfg = Debug|Any CPU
		{9F3A2B8C-0D7E-4F6A-3B4C-6D7E8F9A0B1C}.Debug|x64.Build.0 = Debug|Any CPU
		{9F3A2B8C-0D7E-4F6A-3B4C-6D7E8F9A0B1C}.Debug|x86.ActiveCfg = Debug|Any CPU
		{9F3A2B8C-0D7E-4F6A-3B4C-6D7E8F9A0B1C}.Debug|x86.Build.0 = Debug|Any CPU
		{9F3A2B8C-0D7E-4F6A-3B4C-6D7E8F9A0B1C}.Release|Any CPU.ActiveCfg = Release|Any CPU
		{9F3A2B8C-0D7E-4F6A-3B4C-6D7E8F9A0B1C}.Release|Any CPU.Build.0 = Release|Any CPU
		{9F3A2B8C-0D7E-4F6A-3B4C-6D7E8F9A0B1C}.Release|x64.ActiveCfg = Release|Any CPU
		{9F3A2B8C-0D7E-4F6A-3B4C-6D7E8F9A0B1C}.Release|x64.Build.0 = Release|Any CPU
		{9F3A2B8C-0D7E-4F6A-3B4C-6D7E8F9A0B1C}.Release|x86.ActiveCfg = Release|Any CPU
		{9F3A2B8C-0D7E-4F6A-3B4C-6D7E8F9A0B1C}.Release|x86.Build.0 = Release|Any CPU
		{0A4B3C9D-1E8F-4A7B-4C5D-7E8F9A0B1C2D}.Debug|Any CPU.ActiveCfg = Debug|Any CPU
		{0A4B3C9D-1E8F-4A7B-4C5D-7E8F9A0B1C2D}.Debug|Any CPU.Build.0 = Debug|Any CPU
		{0A4B3C9D-1E8F-4A7B-4C5D-7E8F9A0B1C2D}.Debug|x64.ActiveCfg = Debug|Any CPU
		{0A4B3C9D-1E8F-4A7B-4C5D-7E8F9A0B1C2D}.Debug|x64.Build.0 = Debug|Any CPU
		{0A4B3C9D-1E8F-4A7B-4C5D-7E8F9A0B1C2D}.Debug|x86.ActiveCfg = Debug|Any CPU
		{0A4B3C9D-1E8F-4A7B-4C5D-7E8F9A0B1C2D}.Debug|x86.Build.0 = Debug|Any CPU
		{0A4B3C9D-1E8F-4A7B-4C5D-7E8F9A0B1C2D}.Release|Any CPU.ActiveCfg = Release|Any CPU
		{0A4B3C9D-1E8F-4A7B-4C5D-7E8F9A0B1C2D}.Release|Any CPU.Build.0 = Release|Any CPU
		{0A4B3C9D-1E8F-4A7B-4C5D-7E8F9A0B1C2D}.Release|x64.ActiveCfg = Release|Any CPU
		{0A4B3C9D-1E8F-4A7B-4C5D-7E8F9A0B1C2D}.Release|x64.Build.0 = Release|Any CPU
		{0A4B3C9D-1E8F-4A7B-4C5D-7E8F9A0B1C2D}.Release|x86.ActiveCfg = Release|Any CPU
		{0A4B3C9D-1E8F-4A7B-4C5D-7E8F9A0B1C2D}.Release|x86.Build.0 = Release|Any CPU
		{1B5C4D0E-2F9A-4B8C-5D6E-8F9A0B1C2D3E}.Debug|Any CPU.ActiveCfg = Debug|Any CPU
		{1B5C4D0E-2F9A-4B8C-5D6E-8F9A0B1C2D3E}.Debug|Any CPU.Build.0 = Debug|Any CPU
		{1B5C4D0E-2F9A-4B8C-5D6E-8F9A0B1C2D3E}.Debug|x64.ActiveCfg = Debug|Any CPU
		{1B5C4D0E-2F9A-4B8C-5D6E-8F9A0B1C2D3E}.Debug|x64.Build.0 = Debug|Any CPU
		{1B5C4D0E-2F9A-4B8C-5D6E-8F9A0B1C2D3E}.Debug|x86.ActiveCfg = Debug|Any CPU
		{1B5C4D0E-2F9A-4B8C-5D6E-8F9A0B1C2D3E}.Debug|x86.Build.0 = Debug|Any CPU
		{1B5C4D0E-2F9A-4B8C-5D6E-8F9A0B1C2D3E}.Release|Any CPU.ActiveCfg = Release|Any CPU
		{1B5C4D0E-2F9A-4B8C-5D6E-8F9A0B1C2D3E}.Release|Any CPU.Build.0 = Release|Any CPU
		{1B5C4D0E-2F9A-4B8C-5D6E-8F9A0B1C2D3E}.Release|x64.ActiveCfg = Release|Any CPU
		{1B5C4D0E-2F9A-4B8C-5D6E-8F9A0B1C2D3E}.Release|x64.Build.0 = Release|Any CPU
		{1B5C4D0E-2F9A-4B8C-5D6E-8F9A0B1C2D3E}.Release|x86.ActiveCfg = Release|Any CPU
		{1B5C4D0E-2F9A-4B8C-5D6E-8F9A0B1C2D3E}.Release|x86.Build.0 = Release|Any CPU
		{2C6D5E1F-3A0B-4C9D-6E7F-9A0B1C2D3E4F}.Debug|Any CPU.ActiveCfg = Debug|Any CPU
		{2C6D5E1F-3A0B-4C9D-6E7F-9A0B1C2D3E4F}.Debug|Any CPU.Build.0 = Debug|Any CPU
		{2C6D5E1F-3A0B-4C9D-6E7F-9A0B1C2D3E4F}.Debug|x64.ActiveCfg = Debug|Any CPU
		{2C6D5E1F-3A0B-4C9D-6E7F-9A0B1C2D3E4F}.Debug|x64.Build.0 = Debug|Any CPU
		{2C6D5E1F-3A0B-4C9D-6E7F-9A0B1C2D3E4F}.Debug|x86.ActiveCfg = Debug|Any CPU
		{2C6D5E1F-3A0B-4C9D-6E7F-9A0B1C2D3E4F}.Debug|x86.Build.0 = Debug|Any CPU
		{2C6D5E1F-3A0B-4C9D-6E7F-9A0B1C2D3E4F}.Release|Any CPU.ActiveCfg = Release|Any CPU
		{2C6D5E1F-3A0B-4C9D-6E7F-9A0B1C2D3E4F}.Release|Any CPU.Build.0 = Release|Any CPU
		{2C6D5E1F-3A0B-4C9D-6E7F-9A0B1C2D3E4F}.Release|x64.ActiveCfg = Release|Any CPU
		{2C6D5E1F-3A0B-4C9D-6E7F-9A0B1C2D3E4F}.Release|x64.Build.0 = Release|Any CPU
		{2C6D5E1F-3A0B-4C9D-6E7F-9A0B1C2D3E4F}.Release|x86.ActiveCfg = Release|Any CPU
		{2C6D5E1F-3A0B-4C9D-6E7F-9A0B1C2D3E4F}.Release|x86.Build.0 = Release|Any CPU
		{3D7E6F2A-4B1C-4D0E-7F8A-0B1C2D3E4F5A}.Debug|Any CPU.ActiveCfg = Debug|Any CPU
		{3D7E6F2A-4B1C-4D0E-7F8A-0B1C2D3E4F5A}.Debug|Any CPU.Build.0 = Debug|Any CPU
		{3D7E6F2A-4B1C-4D0E-7F8A-0B1C2D3E4F5A}.Debug|x64.ActiveCfg = Debug|Any CPU
		{3D7E6F2A-4B1C-4D0E-7F8A-0B1C2D3E4F5A}.Debug|x64.Build.0 = Debug|Any CPU
		{3D7E6F2A-4B1C-4D0E-7F8A-0B1C2D3E4F5A}.Debug|x86.ActiveCfg = Debug|Any CPU
		{3D7E6F2A-4B1C-4D0E-7F8A-0B1C2D3E4F5A}.Debug|x86.Build.0 = Debug|Any CPU
		{3D7E6F2A-4B1C-4D0E-7F8A-0B1C2D3E4F5A}.Release|Any CPU.ActiveCfg = Release|Any CPU
		{3D7E6F2A-4B1C-4D0E-7F8A-0B1C2D3E4F5A}.Release|Any CPU.Build.0 = Release|Any CPU
		{3D7E6F2A-4B1C-4D0E-7F8A-0B1C2D3E4F5A}.Release|x64.ActiveCfg = Release|Any CPU
		{3D7E6F2A-4B1C-4D0E-7F8A-0B1C2D3E4F5A}.Release|x64.Build.0 = Release|Any CPU
		{3D7E6F2A-4B1C-4D0E-7F8A-0B1C2D3E4F5A}.Release|x86.ActiveCfg = Release|Any CPU
		{3D7E6F2A-4B1C-4D0E-7F8A-0B1C2D3E4F5A}.Release|x86.Build.0 = Release|Any CPU
		{4E8F7A3B-5C2D-4E1F-8A9B-1C2D3E4F5A6B}.Debug|Any CPU.ActiveCfg = Debug|Any CPU
		{4E8F7A3B-5C2D-4E1F-8A9B-1C2D3E4F5A6B}.Debug|Any CPU.Build.0 = Debug|Any CPU
		{4E8F7A3B-5C2D-4E1F-8A9B-1C2D3E4F5A6B}.Debug|x64.ActiveCfg = Debug|Any CPU
		{4E8F7A3B-5C2D-4E1F-8A9B-1C2D3E4F5A6B}.Debug|x64.Build.0 = Debug|Any CPU
		{4E8F7A3B-5C2D-4E1F-8A9B-1C2D3E4F5A6B}.Debug|x86.ActiveCfg = Debug|Any CPU
		{4E8F7A3B-5C2D-4E1F-8A9B-1C2D3E4F5A6B}.Debug|x86.Build.0 = Debug|Any CPU
		{4E8F7A3B-5C2D-4E1F-8A9B-1C2D3E4F5A6B}.Release|Any CPU.ActiveCfg = Release|Any CPU
		{4E8F7A3B-5C2D-4E1F-8A9B-1C2D3E4F5A6B}.Release|Any CPU.Build.0 = Release|Any CPU
		{4E8F7A3B-5C2D-4E1F-8A9B-1C2D3E4F5A6B}.Release|x64.ActiveCfg = Release|Any CPU
		{4E8F7A3B-5C2D-4E1F-8A9B-1C2D3E4F5A6B}.Release|x64.Build.0 = Release|Any CPU
		{4E8F7A3B-5C2D-4E1F-8A9B-1C2D3E4F5A6B}.Release|x86.ActiveCfg = Release|Any CPU
		{4E8F7A3B-5C2D-4E1F-8A9B-1C2D3E4F5A6B}.Release|x86.Build.0 = Release|Any CPU
		{5F9A8B4C-6D3E-4F2A-9B0C-2D3E4F5A6B7C}.Debug|Any CPU.ActiveCfg = Debug|Any CPU
		{5F9A8B4C-6D3E-4F2A-9B0C-2D3E4F5A6B7C}.Debug|Any CPU.Build.0 = Debug|Any CPU
		{5F9A8B4C-6D3E-4F2A-9B0C-2D3E4F5A6B7C}.Debug|x64.ActiveCfg = Debug|Any CPU
		{5F9A8B4C-6D3E-4F2A-9B0C-2D3E4F5A6B7C}.Debug|x64.Build.0 = Debug|Any CPU
		{5F9A8B4C-6D3E-4F2A-9B0C-2D3E4F5A6B7C}.Debug|x86.ActiveCfg = Debug|Any CPU
		{5F9A8B4C-6D3E-4F2A-9B0C-2D3E4F5A6B7C}.Debug|x86.Build.0 = Debug|Any CPU
		{5F9A8B4C-6D3E-4F2A-9B0C-2D3E4F5A6B7C}.Release|Any CPU.ActiveCfg = Release|Any CPU
		{5F9A8B4C-6D3E-4F2A-9B0C-2D3E4F5A6B7C}.Release|Any CPU.Build.0 = Release|Any CPU
		{5F9A8B4C-6D3E-4F2A-9B0C-2D3E4F5A6B7C}.Release|x64.ActiveCfg = Release|Any CPU
		{5F9A8B4C-6D3E-4F2A-9B0C-2D3E4F5A6B7C}.Release|x64.Build.0 = Release|Any CPU
		{5F9A8B4C-6D3E-4F2A-9B0C-2D3E4F5A6B7C}.Release|x86.ActiveCfg = Release|Any CPU
		{5F9A8B4C-6D3E-4F2A-9B0C-2D3E4F5A6B7C}.Release|x86.Build.0 = Release|Any CPU
		{6A0B9C5D-7E4F-4A3B-0C1D-3E4F5A6B7C8D}.Debug|Any CPU.ActiveCfg = Debug|Any CPU
		{6A0B9C5D-7E4F-4A3B-0C1D-3E4F5A6B7C8D}.Debug|Any CPU.Build.0 = Debug|Any CPU
		{6A0B9C5D-7E4F-4A3B-0C1D-3E4F5A6B7C8D}.Debug|x64.ActiveCfg = Debug|Any CPU
		{6A0B9C5D-7E4F-4A3B-0C1D-3E4F5A6B7C8D}.Debug|x64.Build.0 = Debug|Any CPU
		{6A0B9C5D-7E4F-4A3B-0C1D-3E4F5A6B7C8D}.Debug|x86.ActiveCfg = Debug|Any CPU
		{6A0B9C5D-7E4F-4A3B-0C1D-3E4F5A6B7C8D}.Debug|x86.Build.0 = Debug|Any CPU
		{6A0B9C5D-7E4F-4A3B-0C1D-3E4F5A6B7C8D}.Release|Any CPU.ActiveCfg = Release|Any CPU
		{6A0B9C5D-7E4F-4A3B-0C1D-3E4F5A6B7C8D}.Release|Any CPU.Build.0 = Release|Any CPU
		{6A0B9C5D-7E4F-4A3B-0C1D-3E4F5A6B7C8D}.Release|x64.ActiveCfg = Release|Any CPU
		{6A0B9C5D-7E4F-4A3B-0C1D-3E4F5A6B7C8D}.Release|x64.Build.0 = Release|Any CPU
		{6A0B9C5D-7E4F-4A3B-0C1D-3E4F5A6B7C8D}.Release|x86.ActiveCfg = Release|Any CPU
		{6A0B9C5D-7E4F-4A3B-0C1D-3E4F5A6B7C8D}.Release|x86.Build.0 = Release|Any CPU
		{7B1C0D6E-8F5A-4B4C-1D2E-4F5A6B7C8D9E}.Debug|Any CPU.ActiveCfg = Debug|Any CPU
		{7B1C0D6E-8F5A-4B4C-1D2E-4F5A6B7C8D9E}.Debug|Any CPU.Build.0 = Debug|Any CPU
		{7B1C0D6E-8F5A-4B4C-1D2E-4F5A6B7C8D9E}.Debug|x64.ActiveCfg = Debug|Any CPU
		{7B1C0D6E-8F5A-4B4C-1D2E-4F5A6B7C8D9E}.Debug|x64.Build.0 = Debug|Any CPU
		{7B1C0D6E-8F5A-4B4C-1D2E-4F5A6B7C8D9E}.Debug|x86.ActiveCfg = Debug|Any CPU
		{7B1C0D6E-8F5A-4B4C-1D2E-4F5A6B7C8D9E}.Debug|x86.Build.0 = Debug|Any CPU
		{7B1C0D6E-8F5A-4B4C-1D2E-4F5A6B7C8D9E}.Release|Any CPU.ActiveCfg = Release|Any CPU
		{7B1C0D6E-8F5A-4B4C-1D2E-4F5A6B7C8D9E}.Release|Any CPU.Build.0 = Release|Any CPU
		{7B1C0D6E-8F5A-4B4C-1D2E-4F5A6B7C8D9E}.Release|x64.ActiveCfg = Release|Any CPU
		{7B1C0D6E-8F5A-4B4C-1D2E-4F5A6B7C8D9E}.Release|x64.Build.0 = Release|Any CPU
		{7B1C0D6E-8F5A-4B4C-1D2E-4F5A6B7C8D9E}.Release|x86.ActiveCfg = Release|Any CPU
		{7B1C0D6E-8F5A-4B4C-1D2E-4F5A6B7C8D9E}.Release|x86.Build.0 = Release|Any CPU
		{8C2D1E7F-9A6B-4C5D-2E3F-5A6B7C8D9E0F}.Debug|Any CPU.ActiveCfg = Debug|Any CPU
		{8C2D1E7F-9A6B-4C5D-2E3F-5A6B7C8D9E0F}.Debug|Any CPU.Build.0 = Debug|Any CPU
		{8C2D1E7F-9A6B-4C5D-2E3F-5A6B7C8D9E0F}.Debug|x64.ActiveCfg = Debug|Any CPU
		{8C2D1E7F-9A6B-4C5D-2E3F-5A6B7C8D9E0F}.Debug|x64.Build.0 = Debug|Any CPU
		{8C2D1E7F-9A6B-4C5D-2E3F-5A6B7C8D9E0F}.Debug|x86.ActiveCfg = Debug|Any CPU
		{8C2D1E7F-9A6B-4C5D-2E3F-5A6B7C8D9E0F}.Debug|x86.Build.0 = Debug|Any CPU
		{8C2D1E7F-9A6B-4C5D-2E3F-5A6B7C8D9E0F}.Release|Any CPU.ActiveCfg = Release|Any CPU
		{8C2D1E7F-9A6B-4C5D-2E3F-5A6B7C8D9E0F}.Release|Any CPU.Build.0 = Release|Any CPU
		{8C2D1E7F-9A6B-4C5D-2E3F-5A6B7C8D9E0F}.Release|x64.ActiveCfg = Release|Any CPU
		{8C2D1E7F-9A6B-4C5D-2E3F-5A6B7C8D9E0F}.Release|x64.Build.0 = Release|Any CPU
		{8C2D1E7F-9A6B-4C5D-2E3F-5A6B7C8D9E0F}.Release|x86.ActiveCfg = Release|Any CPU
		{8C2D1E7F-9A6B-4C5D-2E3F-5A6B7C8D9E0F}.Release|x86.Build.0 = Release|Any CPU
		{9D3E2F8A-0B7C-4D6E-3F4A-6B7C8D9E0F1A}.Debug|Any CPU.ActiveCfg = Debug|Any CPU
		{9D3E2F8A-0B7C-4D6E-3F4A-6B7C8D9E0F1A}.Debug|Any CPU.Build.0 = Debug|Any CPU
		{9D3E2F8A-0B7C-4D6E-3F4A-6B7C8D9E0F1A}.Debug|x64.ActiveCfg = Debug|Any CPU
		{9D3E2F8A-0B7C-4D6E-3F4A-6B7C8D9E0F1A}.Debug|x64.Build.0 = Debug|Any CPU
		{9D3E2F8A-0B7C-4D6E-3F4A-6B7C8D9E0F1A}.Debug|x86.ActiveCfg = Debug|Any CPU
		{9D3E2F8A-0B7C-4D6E-3F4A-6B7C8D9E0F1A}.Debug|x86.Build.0 = Debug|Any CPU
		{9D3E2F8A-0B7C-4D6E-3F4A-6B7C8D9E0F1A}.Release|Any CPU.ActiveCfg = Release|Any CPU
		{9D3E2F8A-0B7C-4D6E-3F4A-6B7C8D9E0F1A}.Release|Any CPU.Build.0 = Release|Any CPU
		{9D3E2F8A-0B7C-4D6E-3F4A-6B7C8D9E0F1A}.Release|x64.ActiveCfg = Release|Any CPU
		{9D3E2F8A-0B7C-4D6E-3F4A-6B7C8D9E0F1A}.Release|x64.Build.0 = Release|Any CPU
		{9D3E2F8A-0B7C-4D6E-3F4A-6B7C8D9E0F1A}.Release|x86.ActiveCfg = Release|Any CPU
		{9D3E2F8A-0B7C-4D6E-3F4A-6B7C8D9E0F1A}.Release|x86.Build.0 = Release|Any CPU
		{0E4F3A9B-1C8D-4E7F-4A5B-7C8D9E0F1A2B}.Debug|Any CPU.ActiveCfg = Debug|Any CPU
		{0E4F3A9B-1C8D-4E7F-4A5B-7C8D9E0F1A2B}.Debug|Any CPU.Build.0 = Debug|Any CPU
		{0E4F3A9B-1C8D-4E7F-4A5B-7C8D9E0F1A2B}.Debug|x64.ActiveCfg = Debug|Any CPU
		{0E4F3A9B-1C8D-4E7F-4A5B-7C8D9E0F1A2B}.Debug|x64.Build.0 = Debug|Any CPU
		{0E4F3A9B-1C8D-4E7F-4A5B-7C8D9E0F1A2B}.Debug|x86.ActiveCfg = Debug|Any CPU
		{0E4F3A9B-1C8D-4E7F-4A5B-7C8D9E0F1A2B}.Debug|x86.Build.0 = Debug|Any CPU
		{0E4F3A9B-1C8D-4E7F-4A5B-7C8D9E0F1A2B}.Release|Any CPU.ActiveCfg = Release|Any CPU
		{0E4F3A9B-1C8D-4E7F-4A5B-7C8D9E0F1A2B}.Release|Any CPU.Build.0 = Release|Any CPU
		{0E4F3A9B-1C8D-4E7F-4A5B-7C8D9E0F1A2B}.Release|x64.ActiveCfg = Release|Any CPU
		{0E4F3A9B-1C8D-4E7F-4A5B-7C8D9E0F1A2B}.Release|x64.Build.0 = Release|Any CPU
		{0E4F3A9B-1C8D-4E7F-4A5B-7C8D9E0F1A2B}.Release|x86.ActiveCfg = Release|Any CPU
		{0E4F3A9B-1C8D-4E7F-4A5B-7C8D9E0F1A2B}.Release|x86.Build.0 = Release|Any CPU
		{1F5A4B0C-2D9E-4F8A-5B6C-8D9E0F1A2B3C}.Debug|Any CPU.ActiveCfg = Debug|Any CPU
		{1F5A4B0C-2D9E-4F8A-5B6C-8D9E0F1A2B3C}.Debug|Any CPU.Build.0 = Debug|Any CPU
		{1F5A4B0C-2D9E-4F8A-5B6C-8D9E0F1A2B3C}.Debug|x64.ActiveCfg = Debug|Any CPU
		{1F5A4B0C-2D9E-4F8A-5B6C-8D9E0F1A2B3C}.Debug|x64.Build.0 = Debug|Any CPU
		{1F5A4B0C-2D9E-4F8A-5B6C-8D9E-0F1A2B3C}.Debug|x86.ActiveCfg = Debug|Any CPU
		{1F5A4B0C-2D9E-4F8A-5B6C-8D9E0F1A2B3C}.Debug|x86.Build.0 = Debug|Any CPU
		{1F5A4B0C-2D9E-4F8A-5B6C-8D9E0F1A2B3C}.Release|Any CPU.ActiveCfg = Release|Any CPU
		{1F5A4B0C-2D9E-4F8A-5B6C-8D9E0F1A2B3C}.Release|Any CPU.Build.0 = Release|Any CPU
		{1F5A4B0C-2D9E-4F8A-5B6C-8D9E0F1A2B3C}.Release|x64.ActiveCfg = Release|Any CPU
		{1F5A4B0C-2D9E-4F8A-5B6C-8D9E0F1A2B3C}.Release|x64.Build.0 = Release|Any CPU
		{1F5A4B0C-2D9E-4F8A-5B6C-8D9E0F1A2B3C}.Release|x86.ActiveCfg = Release|Any CPU
		{1F5A4B0C-2D9E-4F8A-5B6C-8D9E0F1A2B3C}.Release|x86.Build.0 = Release|Any CPU
		{2A6B5C1D-3E0F-4A9B-6C7D-9E0F1A2B3C4D}.Debug|Any CPU.ActiveCfg = Debug|Any CPU
		{2A6B5C1D-3E0F-4A9B-6C7D-9E0F1A2B3C4D}.Debug|Any CPU.Build.0 = Debug|Any CPU
		{2A6B5C1D-3E0F-4A9B-6C7D-9E0F1A2B3C4D}.Debug|x64.ActiveCfg = Debug|Any CPU
		{2A6B5C1D-3E0F-4A9B-6C7D-9E0F1A2B3C4D}.Debug|x64.Build.0 = Debug|Any CPU
		{2A6B5C1D-3E0F-4A9B-6C7D-9E0F1A2B3C4D}.Debug|x86.ActiveCfg = Debug|Any CPU
		{2A6B5C1D-3E0F-4A9B-6C7D-9E0F1A2B3C4D}.Debug|x86.Build.0 = Debug|Any CPU
		{2A6B5C1D-3E0F-4A9B-6C7D-9E0F1A2B3C4D}.Release|Any CPU.ActiveCfg = Release|Any CPU
		{2A6B5C1D-3E0F-4A9B-6C7D-9E0F1A2B3C4D}.Release|Any CPU.Build.0 = Release|Any CPU
		{2A6B5C1D-3E0F-4A9B-6C7D-9E0F1A2B3C4D}.Release|x64.ActiveCfg = Release|Any CPU
		{2A6B5C1D-3E0F-4A9B-6C7D-9E0F1A2B3C4D}.Release|x64.Build.0 = Release|Any CPU
		{2A6B5C1D-3E0F-4A9B-6C7D-9E0F1A2B3C4D}.Release|x86.ActiveCfg = Release|Any CPU
		{2A6B5C1D-3E0F-4A9B-6C7D-9E0F1A2B3C4D}.Release|x86.Build.0 = Release|Any CPU
		{3B7C6D2E-4F1A-4B0C-7D8E-0F1A2B3C4D5E}.Debug|Any CPU.ActiveCfg = Debug|Any CPU
		{3B7C6D2E-4F1A-4B0C-7D8E-0F1A2B3C4D5E}.Debug|Any CPU.Build.0 = Debug|Any CPU
		{3B7C6D2E-4F1A-4B0C-7D8E-0F1A2B3C4D5E}.Debug|x64.ActiveCfg = Debug|Any CPU
		{3B7C6D2E-4F1A-4B0C-7D8E-0F1A2B3C4D5E}.Debug|x64.Build.0 = Debug|Any CPU
		{3B7C6D2E-4F1A-4B0C-7D8E-0F1A2B3C4D5E}.Debug|x86.ActiveCfg = Debug|Any CPU
		{3B7C6D2E-4F1A-4B0C-7D8E-0F1A2B3C4D5E}.Debug|x86.Build.0 = Debug|Any CPU
		{3B7C6D2E-4F1A-4B0C-7D8E-0F1A2B3C4D5E}.Release|Any CPU.ActiveCfg = Release|Any CPU
		{3B7C6D2E-4F1A-4B0C-7D8E-0F1A2B3C4D5E}.Release|Any CPU.Build.0 = Release|Any CPU
		{3B7C6D2E-4F1A-4B0C-7D8E-0F1A2B3C4D5E}.Release|x64.ActiveCfg = Release|Any CPU
		{3B7C6D2E-4F1A-4B0C-7D8E-0F1A2B3C4D5E}.Release|x64.Build.0 = Release|Any CPU
		{3B7C6D2E-4F1A-4B0C-7D8E-0F1A2B3C4D5E}.Release|x86.ActiveCfg = Release|Any CPU
		{3B7C6D2E-4F1A-4B0C-7D8E-0F1A2B3C4D5E}.Release|x86.Build.0 = Release|Any CPU
		{4C8D7E3F-5A9B-4D0E-8F1A-2B3C4D5E6F7A}.Debug|Any CPU.ActiveCfg = Debug|Any CPU
		{4C8D7E3F-5A9B-4D0E-8F1A-2B3C4D5E6F7A}.Debug|Any CPU.Build.0 = Debug|Any CPU
		{4C8D7E3F-5A9B-4D0E-8F1A-2B3C4D5E6F7A}.Debug|x64.ActiveCfg = Debug|Any CPU
		{4C8D7E3F-5A9B-4D0E-8F1A-2B3C4D5E6F7A}.Debug|x64.Build.0 = Debug|Any CPU
		{4C8D7E3F-5A9B-4D0E-8F1A-2B3C4D5E6F7A}.Debug|x86.ActiveCfg = Debug|Any CPU
		{4C8D7E3F-5A9B-4D0E-8F1A-2B3C4D5E6F7A}.Debug|x86.Build.0 = Debug|Any CPU
		{4C8D7E3F-5A9B-4D0E-8F1A-2B3C4D5E6F7A}.Release|Any CPU.ActiveCfg = Release|Any CPU
		{4C8D7E3F-5A9B-4D0E-8F1A-2B3C4D5E6F7A}.Release|Any CPU.Build.0 = Release|Any CPU
		{4C8D7E3F-5A9B-4D0E-8F1A-2B3C4D5E6F7A}.Release|x64.ActiveCfg = Release|Any CPU
		{4C8D7E3F-5A9B-4D0E-8F1A-2B3C4D5E6F7A}.Release|x64.Build.0 = Release|Any CPU
		{4C8D7E3F-5A9B-4D0E-8F1A-2B3C4D5E6F7A}.Release|x86.ActiveCfg = Release|Any CPU
		{4C8D7E3F-5A9B-4D0E-8F1A-2B3C4D5E6F7A}.Release|x86.Build.0 = Release|Any CPU
		{5D9E8F4A-6B0C-4E1F-9A2B-3C4D5E6F7A8B}.Debug|Any CPU.ActiveCfg = Debug|Any CPU
		{5D9E8F4A-6B0C-4E1F-9A2B-3C4D5E6F7A8B}.Debug|Any CPU.Build.0 = Debug|Any CPU
		{5D9E8F4A-6B0C-4E1F-9A2B-3C4D5E6F7A8B}.Debug|x64.ActiveCfg = Debug|Any CPU
		{5D9E8F4A-6B0C-4E1F-9A2B-3C4D5E6F7A8B}.Debug|x64.Build.0 = Debug|Any CPU
		{5D9E8F4A-6B0C-4E1F-9A2B-3C4D5E6F7A8B}.Debug|x86.ActiveCfg = Debug|Any CPU
		{5D9E8F4A-6B0C-4E1F-9A2B-3C4D5E6F7A8B}.Debug|x86.Build.0 = Debug|Any CPU
		{5D9E8F4A-6B0C-4E1F-9A2B-3C4D5E6F7A8B}.Release|Any CPU.ActiveCfg = Release|Any CPU
		{5D9E8F4A-6B0C-4E1F-9A2B-3C4D5E6F7A8B}.Release|Any CPU.Build.0 = Release|Any CPU
		{5D9E8F4A-6B0C-4E1F-9A2B-3C4D5E6F7A8B}.Release|x64.ActiveCfg = Release|Any CPU
		{5D9E8F4A-6B0C-4E1F-9A2B-3C4D5E6F7A8B}.Release|x64.Build.0 = Release|Any CPU
		{5D9E8F4A-6B0C-4E1F-9A2B-3C4D5E6F7A8B}.Release|x86.ActiveCfg = Release|Any CPU
		{5D9E8F4A-6B0C-4E1F-9A2B-3C4D5E6F7A8B}.Release|x86.Build.0 = Release|Any CPU
		{6E0F9A5B-7C1D-4F2A-0B3C-4D5E6F7A8B9C}.Debug|Any CPU.ActiveCfg = Debug|Any CPU
		{6E0F9A5B-7C1D-4F2A-0B3C-4D5E6F7A8B9C}.Debug|Any CPU.Build.0 = Debug|Any CPU
		{6E0F9A5B-7C1D-4F2A-0B3C-4D5E6F7A8B9C}.Debug|x64.ActiveCfg = Debug|Any CPU
		{6E0F9A5B-7C1D-4F2A-0B3C-4D5E6F7A8B9C}.Debug|x64.Build.0 = Debug|Any CPU
		{6E0F9A5B-7C1D-4F2A-0B3C-4D5E6F7A8B9C}.Debug|x86.ActiveCfg = Debug|Any CPU
		{6E0F9A5B-7C1D-4F2A-0B3C-4D5E6F7A8B9C}.Debug|x86.Build.0 = Debug|Any CPU
		{6E0F9A5B-7C1D-4F2A-0B3C-4D5E6F7A8B9C}.Release|Any CPU.ActiveCfg = Release|Any CPU
		{6E0F9A5B-7C1D-4F2A-0B3C-4D5E6F7A8B9C}.Release|Any CPU.Build.0 = Release|Any CPU
		{6E0F9A5B-7C1D-4F2A-0B3C-4D5E6F7A8B9C}.Release|x64.ActiveCfg = Release|Any CPU
		{6E0F9A5B-7C1D-4F2A-0B3C-4D5E6F7A8B9C}.Release|x64.Build.0 = Release|Any CPU
		{6E0F9A5B-7C1D-4F2A-0B3C-4D5E6F7A8B9C}.Release|x86.ActiveCfg = Release|Any CPU
		{6E0F9A5B-7C1D-4F2A-0B3C-4D5E6F7A8B9C}.Release|x86.Build.0 = Release|Any CPU
		{7F1A0B6C-8D2E-4A3B-1C4D-5E6F7A8B9C0D}.Debug|Any CPU.ActiveCfg = Debug|Any CPU
		{7F1A0B6C-8D2E-4A3B-1C4D-5E6F7A8B9C0D}.Debug|Any CPU.Build.0 = Debug|Any CPU
		{7F1A0B6C-8D2E-4A3B-1C4D-5E6F7A8B9C0D}.Debug|x64.ActiveCfg = Debug|Any CPU
		{7F1A0B6C-8D2E-4A3B-1C4D-5E6F7A8B9C0D}.Debug|x64.Build.0 = Debug|Any CPU
		{7F1A0B6C-8D2E-4A3B-1C4D-5E6F7A8B9C0D}.Debug|x86.ActiveCfg = Debug|Any CPU
		{7F1A0B6C-8D2E-4A3B-1C4D-5E6F7A8B9C0D}.Debug|x86.Build.0 = Debug|Any CPU
		{7F1A0B6C-8D2E-4A3B-1C4D-5E6F7A8B9C0D}.Release|Any CPU.ActiveCfg = Release|Any CPU
		{7F1A0B6C-8D2E-4A3B-1C4D-5E6F7A8B9C0D}.Release|Any CPU.Build.0 = Release|Any CPU
		{7F1A0B6C-8D2E-4A3B-1C4D-5E6F7A8B9C0D}.Release|x64.ActiveCfg = Release|Any CPU
		{7F1A0B6C-8D2E-4A3B-1C4D-5E6F7A8B9C0D}.Release|x64.Build.0 = Release|Any CPU
		{7F1A0B6C-8D2E-4A3B-1C4D-5E6F7A8B9C0D}.Release|x86.ActiveCfg = Release|Any CPU
		{7F1A0B6C-8D2E-4A3B-1C4D-5E6F7A8B9C0D}.Release|x86.Build.0 = Release|Any CPU
	EndGlobalSection
	GlobalSection(SolutionProperties) = preSolution
		HideSolutionNode = FALSE
	EndGlobalSection
	GlobalSection(NestedProjects) = preSolution
		{9C4DCF7E-340D-447D-AED0-92F0066E3FF9} = {B2E9569A-6156-4718-8E13-2CA9513BA91C}
		{433A94D4-17FB-43C1-B837-797902F53523} = {B2E9569A-6156-4718-8E13-2CA9513BA91C}
		{A1B2C3D4-E5F6-4A7B-8C9D-0E1F2A3B4C5D} = {433A94D4-17FB-43C1-B837-797902F53523}
		{B2C3D4E5-F6A7-4B8C-9D0E-1F2A3B4C5D6E} = {433A94D4-17FB-43C1-B837-797902F53523}
		{C3D4E5F6-A7B8-4C9D-0E1F-2A3B4C5D6E7F} = {433A94D4-17FB-43C1-B837-797902F53523}
		{2FD24D3B-4465-4F20-98CE-757F620EA3EB} = {9C4DCF7E-340D-447D-AED0-92F0066E3FF9}
		{668F8CF4-0C4B-48F8-9E65-AB9623EE039C} = {A1B2C3D4-E5F6-4A7B-8C9D-0E1F2A3B4C5D}
		{D6A04990-0592-4E4A-8D07-F0CDAD95985D} = {A1B2C3D4-E5F6-4A7B-8C9D-0E1F2A3B4C5D}
		{9CA557C0-D2B1-4112-A614-3C2C996A60A8} = {A1B2C3D4-E5F6-4A7B-8C9D-0E1F2A3B4C5D}
		{04A9F09A-F2AB-48D9-88EC-9BA7A72771E5} = {B2C3D4E5-F6A7-4B8C-9D0E-1F2A3B4C5D6E}
		{99A02B13-9538-4736-ADC3-718CFA923B8B} = {C3D4E5F6-A7B8-4C9D-0E1F-2A3B4C5D6E7F}
		{173FD92A-236F-4319-802D-8F3378469975} = {A1B2C3D4-E5F6-4A7B-8C9D-0E1F2A3B4C5D}
		{DE156EC9-7D61-4B76-8DE7-028A400164E7} = {A1B2C3D4-E5F6-4A7B-8C9D-0E1F2A3B4C5D}
		{39273D27-D2A9-AE80-07A1-43E7F809628F} = {9C4DCF7E-340D-447D-AED0-92F0066E3FF9}
		{D1611552-17BA-406D-B2E9-6D48EB65937C} = {39273D27-D2A9-AE80-07A1-43E7F809628F}
		{F5204F71-8278-4941-80F1-189726677448} = {39273D27-D2A9-AE80-07A1-43E7F809628F}
		{EB09A0A9-A054-4B1A-9D58-7CBD0BB20A52} = {39273D27-D2A9-AE80-07A1-43E7F809628F}
		{9FEE9B0C-E66E-4EDD-A7A1-363568A86666} = {39273D27-D2A9-AE80-07A1-43E7F809628F}
		{D4E5F6A7-B8C9-4D0E-1F2A-3B4C5D6E7F8A} = {9C4DCF7E-340D-447D-AED0-92F0066E3FF9}
		{4A8B7C3D-5E2F-4A1B-8C9D-1E2F3A4B5C6D} = {D4E5F6A7-B8C9-4D0E-1F2A-3B4C5D6E7F8A}
		{5B9C8D4E-6F3A-4B2C-9D0E-2F3A4B5C6D7E} = {D4E5F6A7-B8C9-4D0E-1F2A-3B4C5D6E7F8A}
		{6C0D9E5F-7A4B-4C3D-0E1F-3A4B5C6D7E8F} = {D4E5F6A7-B8C9-4D0E-1F2A-3B4C5D6E7F8A}
		{7D1E0F6A-8B5C-4D4E-1F2A-4B5C6D7E8F9A} = {D4E5F6A7-B8C9-4D0E-1F2A-3B4C5D6E7F8A}
		{E5F6A7B8-C9D0-4E1F-2A3B-4C5D6E7F8A9B} = {9C4DCF7E-340D-447D-AED0-92F0066E3FF9}
		{8E2F1A7B-9C6D-4E5F-2A3B-5C6D7E8F9A0B} = {E5F6A7B8-C9D0-4E1F-2A3B-4C5D6E7F8A9B}
		{9F3A2B8C-0D7E-4F6A-3B4C-6D7E8F9A0B1C} = {E5F6A7B8-C9D0-4E1F-2A3B-4C5D6E7F8A9B}
		{0A4B3C9D-1E8F-4A7B-4C5D-7E8F9A0B1C2D} = {E5F6A7B8-C9D0-4E1F-2A3B-4C5D6E7F8A9B}
		{1B5C4D0E-2F9A-4B8C-5D6E-8F9A0B1C2D3E} = {E5F6A7B8-C9D0-4E1F-2A3B-4C5D6E7F8A9B}
		{F6A7B8C9-D0E1-4F2A-3B4C-5D6E7F8A9B0C} = {9C4DCF7E-340D-447D-AED0-92F0066E3FF9}
		{2C6D5E1F-3A0B-4C9D-6E7F-9A0B1C2D3E4F} = {F6A7B8C9-D0E1-4F2A-3B4C-5D6E7F8A9B0C}
		{3D7E6F2A-4B1C-4D0E-7F8A-0B1C2D3E4F5A} = {F6A7B8C9-D0E1-4F2A-3B4C-5D6E7F8A9B0C}
		{4E8F7A3B-5C2D-4E1F-8A9B-1C2D3E4F5A6B} = {F6A7B8C9-D0E1-4F2A-3B4C-5D6E7F8A9B0C}
		{5F9A8B4C-6D3E-4F2A-9B0C-2D3E4F5A6B7C} = {F6A7B8C9-D0E1-4F2A-3B4C-5D6E7F8A9B0C}
		{A7B8C9D0-E1F2-4A3B-4C5D-6E7F8A9B0C1D} = {9C4DCF7E-340D-447D-AED0-92F0066E3FF9}
		{6A0B9C5D-7E4F-4A3B-0C1D-3E4F5A6B7C8D} = {A7B8C9D0-E1F2-4A3B-4C5D-6E7F8A9B0C1D}
		{7B1C0D6E-8F5A-4B4C-1D2E-4F5A6B7C8D9E} = {A7B8C9D0-E1F2-4A3B-4C5D-6E7F8A9B0C1D}
		{8C2D1E7F-9A6B-4C5D-2E3F-5A6B7C8D9E0F} = {A7B8C9D0-E1F2-4A3B-4C5D-6E7F8A9B0C1D}
		{9D3E2F8A-0B7C-4D6E-3F4A-6B7C8D9E0F1A} = {A7B8C9D0-E1F2-4A3B-4C5D-6E7F8A9B0C1D}
		{B8C9D0E1-F2A3-4B4C-5D6E-7F8A9B0C1D2E} = {9C4DCF7E-340D-447D-AED0-92F0066E3FF9}
		{0E4F3A9B-1C8D-4E7F-4A5B-7C8D9E0F1A2B} = {B8C9D0E1-F2A3-4B4C-5D6E-7F8A9B0C1D2E}
		{1F5A4B0C-2D9E-4F8A-5B6C-8D9E0F1A2B3C} = {B8C9D0E1-F2A3-4B4C-5D6E-7F8A9B0C1D2E}
		{2A6B5C1D-3E0F-4A9B-6C7D-9E0F1A2B3C4D} = {B8C9D0E1-F2A3-4B4C-5D6E-7F8A9B0C1D2E}
		{3B7C6D2E-4F1A-4B0C-7D8E-0F1A2B3C4D5E} = {B8C9D0E1-F2A3-4B4C-5D6E-7F8A9B0C1D2E}
		{C9D0E1F2-A3B4-4C5D-6E7F-8A9B0C1D2E3F} = {9C4DCF7E-340D-447D-AED0-92F0066E3FF9}
		{4C8D7E3F-5A9B-4D0E-8F1A-2B3C4D5E6F7A} = {C9D0E1F2-A3B4-4C5D-6E7F-8A9B0C1D2E3F}
		{5D9E8F4A-6B0C-4E1F-9A2B-3C4D5E6F7A8B} = {C9D0E1F2-A3B4-4C5D-6E7F-8A9B0C1D2E3F}
		{6E0F9A5B-7C1D-4F2A-0B3C-4D5E6F7A8B9C} = {C9D0E1F2-A3B4-4C5D-6E7F-8A9B0C1D2E3F}
		{7F1A0B6C-8D2E-4A3B-1C4D-5E6F7A8B9C0D} = {C9D0E1F2-A3B4-4C5D-6E7F-8A9B0C1D2E3F}
	EndGlobalSection
	GlobalSection(ExtensibilityGlobals) = postSolution
		SolutionGuid = {76619B7E-0150-44E4-BAD5-53BC7D941E65}
	EndGlobalSection
EndGlobal
